
Microsoft Visual Studio Solution File, Format Version 12.00
# Visual Studio 15
VisualStudioVersion = 15.0.26730.16
MinimumVisualStudioVersion = 10.0.40219.1
Project("{2150E333-8FDC-42A3-9474-1A3956D46DE8}") = "Data Structures", "Data Structures", "{D50F85AB-08BD-405D-9A31-755221ED4026}"
EndProject
Project("{2150E333-8FDC-42A3-9474-1A3956D46DE8}") = "Algorithms", "Algorithms", "{17F9430E-C664-4C69-8074-D7AF638C8C51}"
EndProject
Project("{2150E333-8FDC-42A3-9474-1A3956D46DE8}") = "SinglyLinkedList", "SinglyLinkedList", "{BD47238A-54AF-4831-B737-66AC18CB835E}"
EndProject
Project("{FAE04EC0-301F-11D3-BF4B-00C04F79EFBC}") = "SinglyLinkedList", "SinglyLinkedList\SinglyLinkedList.csproj", "{524A135F-59CC-464F-B59F-D0DBA973DA65}"
EndProject
Project("{2150E333-8FDC-42A3-9474-1A3956D46DE8}") = "DoublyLinkedList", "DoublyLinkedList", "{7443289C-D0E3-4959-94F0-0D5561A91CD3}"
EndProject
Project("{FAE04EC0-301F-11D3-BF4B-00C04F79EFBC}") = "DoublyLinkedList", "DoublyLinkedList\DoublyLinkedList.csproj", "{83496445-6D37-420C-B591-A280F0CEA572}"
EndProject
Project("{2150E333-8FDC-42A3-9474-1A3956D46DE8}") = "LinkedLists", "LinkedLists", "{0F2319A3-18DE-41AB-8A85-ED3134FB5641}"
EndProject
Project("{2150E333-8FDC-42A3-9474-1A3956D46DE8}") = "SortedLinkedList", "SortedLinkedList", "{E9A02687-91E5-4D20-8E89-3C3906688291}"
EndProject
Project("{FAE04EC0-301F-11D3-BF4B-00C04F79EFBC}") = "SortedLinkedList", "SortedLinkedList\SortedLinkedList.csproj", "{D100B19B-6F9C-4948-8BEF-203A7E01038F}"
EndProject
Project("{2150E333-8FDC-42A3-9474-1A3956D46DE8}") = "Stacks", "Stacks", "{72BBBE04-31AE-45D0-B9F0-875D8813FBFD}"
EndProject
Project("{2150E333-8FDC-42A3-9474-1A3956D46DE8}") = "Stack (LinkedList Backing Store)", "Stack (LinkedList Backing Store)", "{7B0E0AFF-D856-4279-AC37-BA58E15FA59F}"
EndProject
Project("{FAE04EC0-301F-11D3-BF4B-00C04F79EFBC}") = "Stack (LinkedList Backing Store)", "Stack (LinkedList Backing Store)\Stack (LinkedList Backing Store).csproj", "{1A8518D8-DADC-4754-A184-AA650C653486}"
EndProject
Project("{2150E333-8FDC-42A3-9474-1A3956D46DE8}") = "Stack (Array Backing Store)", "Stack (Array Backing Store)", "{B6EB147B-07C3-434F-8E27-23D4A220D65F}"
EndProject
Project("{FAE04EC0-301F-11D3-BF4B-00C04F79EFBC}") = "Stack (Array Backing Store)", "Stack (Array Backing Store)\Stack (Array Backing Store).csproj", "{BD5ADEEB-C057-42C1-8394-736D514DB0ED}"
EndProject
Project("{2150E333-8FDC-42A3-9474-1A3956D46DE8}") = "Queues", "Queues", "{7CBC11A8-65D0-4C6A-9441-5806869C4480}"
EndProject
Project("{FAE04EC0-301F-11D3-BF4B-00C04F79EFBC}") = "Queue (Array Backing Store)", "Queue (Array Backing Store)\Queue (Array Backing Store).csproj", "{AC947163-C2BB-4B8E-9964-13F27A324441}"
EndProject
Project("{FAE04EC0-301F-11D3-BF4B-00C04F79EFBC}") = "Queue (LinkedList Backing Store)", "Queue (LinkedList Backing Store)\Queue (LinkedList Backing Store).csproj", "{89BF6314-D9A8-4A34-BCCB-C56A904ED2A2}"
EndProject
Project("{2150E333-8FDC-42A3-9474-1A3956D46DE8}") = "Advanced Binary Search Tree", "Advanced Binary Search Tree", "{42DF947C-2449-4140-A9AB-69B119CB665B}"
EndProject
Project("{FAE04EC0-301F-11D3-BF4B-00C04F79EFBC}") = "BinarySearchTree", "BinarySearchTree\BinarySearchTree.csproj", "{95B3D528-D108-4867-81B5-E158846E3156}"
EndProject
Project("{2150E333-8FDC-42A3-9474-1A3956D46DE8}") = "Sorting", "Sorting", "{7D0B0532-B2BE-4E8F-A63E-EEB52B0DA28A}"
EndProject
Project("{FAE04EC0-301F-11D3-BF4B-00C04F79EFBC}") = "BubbleSort", "BubbleSort\BubbleSort.csproj", "{C88259D5-3CB3-475B-A8D8-C5538A28F8B2}"
EndProject
Project("{FAE04EC0-301F-11D3-BF4B-00C04F79EFBC}") = "InsertionSort", "InsertionSort\InsertionSort.csproj", "{08433B09-A81F-44DD-9E46-5AAB8564A929}"
EndProject
Project("{2150E333-8FDC-42A3-9474-1A3956D46DE8}") = "Sets", "Sets", "{33B66F4C-D659-4D0B-8BC0-1DFEA920A7C6}"
EndProject
Project("{FAE04EC0-301F-11D3-BF4B-00C04F79EFBC}") = "Set", "Set\Set.csproj", "{F53DB651-55CC-420A-8E28-B263B984334F}"
EndProject
Project("{FAE04EC0-301F-11D3-BF4B-00C04F79EFBC}") = "SelectionSort", "SelectionSort\SelectionSort.csproj", "{1B7B2DBD-9D08-49E3-9A0E-9EC49FCFB454}"
EndProject
Global
	GlobalSection(SolutionConfigurationPlatforms) = preSolution
		Debug|Any CPU = Debug|Any CPU
		Release|Any CPU = Release|Any CPU
	EndGlobalSection
	GlobalSection(ProjectConfigurationPlatforms) = postSolution
		{524A135F-59CC-464F-B59F-D0DBA973DA65}.Debug|Any CPU.ActiveCfg = Debug|Any CPU
		{524A135F-59CC-464F-B59F-D0DBA973DA65}.Debug|Any CPU.Build.0 = Debug|Any CPU
		{524A135F-59CC-464F-B59F-D0DBA973DA65}.Release|Any CPU.ActiveCfg = Release|Any CPU
		{524A135F-59CC-464F-B59F-D0DBA973DA65}.Release|Any CPU.Build.0 = Release|Any CPU
		{83496445-6D37-420C-B591-A280F0CEA572}.Debug|Any CPU.ActiveCfg = Debug|Any CPU
		{83496445-6D37-420C-B591-A280F0CEA572}.Debug|Any CPU.Build.0 = Debug|Any CPU
		{83496445-6D37-420C-B591-A280F0CEA572}.Release|Any CPU.ActiveCfg = Release|Any CPU
		{83496445-6D37-420C-B591-A280F0CEA572}.Release|Any CPU.Build.0 = Release|Any CPU
		{D100B19B-6F9C-4948-8BEF-203A7E01038F}.Debug|Any CPU.ActiveCfg = Debug|Any CPU
		{D100B19B-6F9C-4948-8BEF-203A7E01038F}.Debug|Any CPU.Build.0 = Debug|Any CPU
		{D100B19B-6F9C-4948-8BEF-203A7E01038F}.Release|Any CPU.ActiveCfg = Release|Any CPU
		{D100B19B-6F9C-4948-8BEF-203A7E01038F}.Release|Any CPU.Build.0 = Release|Any CPU
		{1A8518D8-DADC-4754-A184-AA650C653486}.Debug|Any CPU.ActiveCfg = Debug|Any CPU
		{1A8518D8-DADC-4754-A184-AA650C653486}.Debug|Any CPU.Build.0 = Debug|Any CPU
		{1A8518D8-DADC-4754-A184-AA650C653486}.Release|Any CPU.ActiveCfg = Release|Any CPU
		{1A8518D8-DADC-4754-A184-AA650C653486}.Release|Any CPU.Build.0 = Release|Any CPU
		{BD5ADEEB-C057-42C1-8394-736D514DB0ED}.Debug|Any CPU.ActiveCfg = Debug|Any CPU
		{BD5ADEEB-C057-42C1-8394-736D514DB0ED}.Debug|Any CPU.Build.0 = Debug|Any CPU
		{BD5ADEEB-C057-42C1-8394-736D514DB0ED}.Release|Any CPU.ActiveCfg = Release|Any CPU
		{BD5ADEEB-C057-42C1-8394-736D514DB0ED}.Release|Any CPU.Build.0 = Release|Any CPU
		{AC947163-C2BB-4B8E-9964-13F27A324441}.Debug|Any CPU.ActiveCfg = Debug|Any CPU
		{AC947163-C2BB-4B8E-9964-13F27A324441}.Debug|Any CPU.Build.0 = Debug|Any CPU
		{AC947163-C2BB-4B8E-9964-13F27A324441}.Release|Any CPU.ActiveCfg = Release|Any CPU
		{AC947163-C2BB-4B8E-9964-13F27A324441}.Release|Any CPU.Build.0 = Release|Any CPU
		{89BF6314-D9A8-4A34-BCCB-C56A904ED2A2}.Debug|Any CPU.ActiveCfg = Debug|Any CPU
		{89BF6314-D9A8-4A34-BCCB-C56A904ED2A2}.Debug|Any CPU.Build.0 = Debug|Any CPU
		{89BF6314-D9A8-4A34-BCCB-C56A904ED2A2}.Release|Any CPU.ActiveCfg = Release|Any CPU
		{89BF6314-D9A8-4A34-BCCB-C56A904ED2A2}.Release|Any CPU.Build.0 = Release|Any CPU
		{95B3D528-D108-4867-81B5-E158846E3156}.Debug|Any CPU.ActiveCfg = Debug|Any CPU
		{95B3D528-D108-4867-81B5-E158846E3156}.Debug|Any CPU.Build.0 = Debug|Any CPU
		{95B3D528-D108-4867-81B5-E158846E3156}.Release|Any CPU.ActiveCfg = Release|Any CPU
		{95B3D528-D108-4867-81B5-E158846E3156}.Release|Any CPU.Build.0 = Release|Any CPU
		{C88259D5-3CB3-475B-A8D8-C5538A28F8B2}.Debug|Any CPU.ActiveCfg = Debug|Any CPU
		{C88259D5-3CB3-475B-A8D8-C5538A28F8B2}.Debug|Any CPU.Build.0 = Debug|Any CPU
		{C88259D5-3CB3-475B-A8D8-C5538A28F8B2}.Release|Any CPU.ActiveCfg = Release|Any CPU
		{C88259D5-3CB3-475B-A8D8-C5538A28F8B2}.Release|Any CPU.Build.0 = Release|Any CPU
		{08433B09-A81F-44DD-9E46-5AAB8564A929}.Debug|Any CPU.ActiveCfg = Debug|Any CPU
		{08433B09-A81F-44DD-9E46-5AAB8564A929}.Debug|Any CPU.Build.0 = Debug|Any CPU
		{08433B09-A81F-44DD-9E46-5AAB8564A929}.Release|Any CPU.ActiveCfg = Release|Any CPU
		{08433B09-A81F-44DD-9E46-5AAB8564A929}.Release|Any CPU.Build.0 = Release|Any CPU
		{F53DB651-55CC-420A-8E28-B263B984334F}.Debug|Any CPU.ActiveCfg = Debug|Any CPU
		{F53DB651-55CC-420A-8E28-B263B984334F}.Debug|Any CPU.Build.0 = Debug|Any CPU
		{F53DB651-55CC-420A-8E28-B263B984334F}.Release|Any CPU.ActiveCfg = Release|Any CPU
		{F53DB651-55CC-420A-8E28-B263B984334F}.Release|Any CPU.Build.0 = Release|Any CPU
		{1B7B2DBD-9D08-49E3-9A0E-9EC49FCFB454}.Debug|Any CPU.ActiveCfg = Debug|Any CPU
		{1B7B2DBD-9D08-49E3-9A0E-9EC49FCFB454}.Debug|Any CPU.Build.0 = Debug|Any CPU
		{1B7B2DBD-9D08-49E3-9A0E-9EC49FCFB454}.Release|Any CPU.ActiveCfg = Release|Any CPU
		{1B7B2DBD-9D08-49E3-9A0E-9EC49FCFB454}.Release|Any CPU.Build.0 = Release|Any CPU
	EndGlobalSection
	GlobalSection(SolutionProperties) = preSolution
		HideSolutionNode = FALSE
	EndGlobalSection
	GlobalSection(NestedProjects) = preSolution
		{BD47238A-54AF-4831-B737-66AC18CB835E} = {0F2319A3-18DE-41AB-8A85-ED3134FB5641}
		{524A135F-59CC-464F-B59F-D0DBA973DA65} = {BD47238A-54AF-4831-B737-66AC18CB835E}
		{7443289C-D0E3-4959-94F0-0D5561A91CD3} = {0F2319A3-18DE-41AB-8A85-ED3134FB5641}
		{83496445-6D37-420C-B591-A280F0CEA572} = {7443289C-D0E3-4959-94F0-0D5561A91CD3}
		{0F2319A3-18DE-41AB-8A85-ED3134FB5641} = {D50F85AB-08BD-405D-9A31-755221ED4026}
		{E9A02687-91E5-4D20-8E89-3C3906688291} = {0F2319A3-18DE-41AB-8A85-ED3134FB5641}
		{D100B19B-6F9C-4948-8BEF-203A7E01038F} = {E9A02687-91E5-4D20-8E89-3C3906688291}
		{72BBBE04-31AE-45D0-B9F0-875D8813FBFD} = {D50F85AB-08BD-405D-9A31-755221ED4026}
		{7B0E0AFF-D856-4279-AC37-BA58E15FA59F} = {72BBBE04-31AE-45D0-B9F0-875D8813FBFD}
		{1A8518D8-DADC-4754-A184-AA650C653486} = {7B0E0AFF-D856-4279-AC37-BA58E15FA59F}
		{B6EB147B-07C3-434F-8E27-23D4A220D65F} = {72BBBE04-31AE-45D0-B9F0-875D8813FBFD}
		{BD5ADEEB-C057-42C1-8394-736D514DB0ED} = {B6EB147B-07C3-434F-8E27-23D4A220D65F}
		{7CBC11A8-65D0-4C6A-9441-5806869C4480} = {D50F85AB-08BD-405D-9A31-755221ED4026}
		{AC947163-C2BB-4B8E-9964-13F27A324441} = {7CBC11A8-65D0-4C6A-9441-5806869C4480}
		{89BF6314-D9A8-4A34-BCCB-C56A904ED2A2} = {7CBC11A8-65D0-4C6A-9441-5806869C4480}
		{42DF947C-2449-4140-A9AB-69B119CB665B} = {D50F85AB-08BD-405D-9A31-755221ED4026}
		{95B3D528-D108-4867-81B5-E158846E3156} = {42DF947C-2449-4140-A9AB-69B119CB665B}
		{7D0B0532-B2BE-4E8F-A63E-EEB52B0DA28A} = {17F9430E-C664-4C69-8074-D7AF638C8C51}
		{C88259D5-3CB3-475B-A8D8-C5538A28F8B2} = {7D0B0532-B2BE-4E8F-A63E-EEB52B0DA28A}
		{08433B09-A81F-44DD-9E46-5AAB8564A929} = {7D0B0532-B2BE-4E8F-A63E-EEB52B0DA28A}
		{33B66F4C-D659-4D0B-8BC0-1DFEA920A7C6} = {D50F85AB-08BD-405D-9A31-755221ED4026}
		{F53DB651-55CC-420A-8E28-B263B984334F} = {33B66F4C-D659-4D0B-8BC0-1DFEA920A7C6}
		{1B7B2DBD-9D08-49E3-9A0E-9EC49FCFB454} = {7D0B0532-B2BE-4E8F-A63E-EEB52B0DA28A}
	EndGlobalSection
	GlobalSection(ExtensibilityGlobals) = postSolution
		SolutionGuid = {D7CBD95B-357A-4E79-9157-8009F4232297}
	EndGlobalSection
EndGlobal
