
Microsoft Visual Studio Solution File, Format Version 12.00
# Visual Studio 15
VisualStudioVersion = 15.0.26730.16
MinimumVisualStudioVersion = 10.0.40219.1
Project("{2150E333-8FDC-42A3-9474-1A3956D46DE8}") = "Data Structures", "Data Structures", "{D50F85AB-08BD-405D-9A31-755221ED4026}"
EndProject
Project("{2150E333-8FDC-42A3-9474-1A3956D46DE8}") = "Algorithms", "Algorithms", "{17F9430E-C664-4C69-8074-D7AF638C8C51}"
EndProject
Project("{2150E333-8FDC-42A3-9474-1A3956D46DE8}") = "SinglyLinkedList", "SinglyLinkedList", "{BD47238A-54AF-4831-B737-66AC18CB835E}"
EndProject
Project("{FAE04EC0-301F-11D3-BF4B-00C04F79EFBC}") = "SinglyLinkedList", "SinglyLinkedList\SinglyLinkedList.csproj", "{524A135F-59CC-464F-B59F-D0DBA973DA65}"
EndProject
Project("{2150E333-8FDC-42A3-9474-1A3956D46DE8}") = "DoublyLinkedList", "DoublyLinkedList", "{7443289C-D0E3-4959-94F0-0D5561A91CD3}"
EndProject
Project("{FAE04EC0-301F-11D3-BF4B-00C04F79EFBC}") = "DoublyLinkedList", "DoublyLinkedList\DoublyLinkedList.csproj", "{83496445-6D37-420C-B591-A280F0CEA572}"
EndProject
Project("{2150E333-8FDC-42A3-9474-1A3956D46DE8}") = "LinkedLists", "LinkedLists", "{0F2319A3-18DE-41AB-8A85-ED3134FB5641}"
EndProject
Project("{2150E333-8FDC-42A3-9474-1A3956D46DE8}") = "SortedLinkedList", "SortedLinkedList", "{E9A02687-91E5-4D20-8E89-3C3906688291}"
EndProject
Project("{FAE04EC0-301F-11D3-BF4B-00C04F79EFBC}") = "SortedLinkedList", "SortedLinkedList\SortedLinkedList.csproj", "{D100B19B-6F9C-4948-8BEF-203A7E01038F}"
EndProject
Global
	GlobalSection(SolutionConfigurationPlatforms) = preSolution
		Debug|Any CPU = Debug|Any CPU
		Release|Any CPU = Release|Any CPU
	EndGlobalSection
	GlobalSection(ProjectConfigurationPlatforms) = postSolution
		{524A135F-59CC-464F-B59F-D0DBA973DA65}.Debug|Any CPU.ActiveCfg = Debug|Any CPU
		{524A135F-59CC-464F-B59F-D0DBA973DA65}.Debug|Any CPU.Build.0 = Debug|Any CPU
		{524A135F-59CC-464F-B59F-D0DBA973DA65}.Release|Any CPU.ActiveCfg = Release|Any CPU
		{524A135F-59CC-464F-B59F-D0DBA973DA65}.Release|Any CPU.Build.0 = Release|Any CPU
		{83496445-6D37-420C-B591-A280F0CEA572}.Debug|Any CPU.ActiveCfg = Debug|Any CPU
		{83496445-6D37-420C-B591-A280F0CEA572}.Debug|Any CPU.Build.0 = Debug|Any CPU
		{83496445-6D37-420C-B591-A280F0CEA572}.Release|Any CPU.ActiveCfg = Release|Any CPU
		{83496445-6D37-420C-B591-A280F0CEA572}.Release|Any CPU.Build.0 = Release|Any CPU
		{D100B19B-6F9C-4948-8BEF-203A7E01038F}.Debug|Any CPU.ActiveCfg = Debug|Any CPU
		{D100B19B-6F9C-4948-8BEF-203A7E01038F}.Debug|Any CPU.Build.0 = Debug|Any CPU
		{D100B19B-6F9C-4948-8BEF-203A7E01038F}.Release|Any CPU.ActiveCfg = Release|Any CPU
		{D100B19B-6F9C-4948-8BEF-203A7E01038F}.Release|Any CPU.Build.0 = Release|Any CPU
	EndGlobalSection
	GlobalSection(SolutionProperties) = preSolution
		HideSolutionNode = FALSE
	EndGlobalSection
	GlobalSection(NestedProjects) = preSolution
		{BD47238A-54AF-4831-B737-66AC18CB835E} = {0F2319A3-18DE-41AB-8A85-ED3134FB5641}
		{524A135F-59CC-464F-B59F-D0DBA973DA65} = {BD47238A-54AF-4831-B737-66AC18CB835E}
		{7443289C-D0E3-4959-94F0-0D5561A91CD3} = {0F2319A3-18DE-41AB-8A85-ED3134FB5641}
		{83496445-6D37-420C-B591-A280F0CEA572} = {7443289C-D0E3-4959-94F0-0D5561A91CD3}
		{0F2319A3-18DE-41AB-8A85-ED3134FB5641} = {D50F85AB-08BD-405D-9A31-755221ED4026}
		{E9A02687-91E5-4D20-8E89-3C3906688291} = {0F2319A3-18DE-41AB-8A85-ED3134FB5641}
		{D100B19B-6F9C-4948-8BEF-203A7E01038F} = {E9A02687-91E5-4D20-8E89-3C3906688291}
	EndGlobalSection
	GlobalSection(ExtensibilityGlobals) = postSolution
		SolutionGuid = {D7CBD95B-357A-4E79-9157-8009F4232297}
	EndGlobalSection
EndGlobal
